{
  "name": "tic-tac-toe",
  "version": "1.0.0",
  "lockfileVersion": 1,
  "requires": true,
  "dependencies": {
    "@types/node": {
      "version": "9.6.61",
      "resolved": "https://packages.convoy.com/artifactory/api/npm/npm/@types/node/-/node-9.6.61.tgz",
      "integrity": "sha1-KfEk7d1BxMdCgb0LRV1okQn8Ki0=",
      "dev": true
    },
    "typescript": {
      "version": "4.3.4",
      "resolved": "https://packages.convoy.com/artifactory/api/npm/npm/typescript/-/typescript-4.3.4.tgz",
      "integrity": "sha1-P4W5hpRbzzEHHezdls+L+mX53Lw="
    }
  }
}
